
Microsoft Visual Studio Solution File, Format Version 12.00
# Visual Studio 15
VisualStudioVersion = 15.0.28307.106
MinimumVisualStudioVersion = 10.0.40219.1
Project("{F2A71F9B-5D33-465A-A702-920D77279786}") = "AdventOfCode", "AdventOfCode\AdventOfCode.fsproj", "{46164641-42BA-4800-B15D-6297BDFAF7A0}"
EndProject
Global
	GlobalSection(SolutionConfigurationPlatforms) = preSolution
		Debug|Any CPU = Debug|Any CPU
		Release|Any CPU = Release|Any CPU
	EndGlobalSection
	GlobalSection(ProjectConfigurationPlatforms) = postSolution
		{46164641-42BA-4800-B15D-6297BDFAF7A0}.Debug|Any CPU.ActiveCfg = Debug|Any CPU
		{46164641-42BA-4800-B15D-6297BDFAF7A0}.Debug|Any CPU.Build.0 = Debug|Any CPU
		{46164641-42BA-4800-B15D-6297BDFAF7A0}.Release|Any CPU.ActiveCfg = Release|Any CPU
		{46164641-42BA-4800-B15D-6297BDFAF7A0}.Release|Any CPU.Build.0 = Release|Any CPU
	EndGlobalSection
	GlobalSection(SolutionProperties) = preSolution
		HideSolutionNode = FALSE
	EndGlobalSection
	GlobalSection(ExtensibilityGlobals) = postSolution
		SolutionGuid = {74965F62-58BC-430B-AA28-B189D4682992}
	EndGlobalSection
EndGlobal
